[[package]]
name = "pip-install-test"
version = "0.5"
description = "A minimal stub package to test success of pip install"
category = "main"
optional = false
python-versions = "*"

[metadata]
lock-version = "1.1"
python-versions = "*"
content-hash = "ab6777d144fb815c824a394fdbb4df8008af75cd1b0b6a486e9eaf50e3fa32d6"

[metadata.files]
pip-install-test = []
